
Microsoft Visual Studio Solution File, Format Version 12.00
# Visual Studio 15
VisualStudioVersion = 15.0.28307.489
MinimumVisualStudioVersion = 10.0.40219.1
Project("{888888A0-9F3D-457C-B088-3A5042F75D52}") = "FIEK-UDP Server", "FIEK-UDP Server\FIEK-UDP Server.pyproj", "{8BA54633-44DF-4C79-B833-C0A438C6C141}"
EndProject
Global
	GlobalSection(SolutionConfigurationPlatforms) = preSolution
		Debug|Any CPU = Debug|Any CPU
		Release|Any CPU = Release|Any CPU
	EndGlobalSection
	GlobalSection(ProjectConfigurationPlatforms) = postSolution
		{8BA54633-44DF-4C79-B833-C0A438C6C141}.Debug|Any CPU.ActiveCfg = Debug|Any CPU
		{8BA54633-44DF-4C79-B833-C0A438C6C141}.Release|Any CPU.ActiveCfg = Release|Any CPU
	EndGlobalSection
	GlobalSection(SolutionProperties) = preSolution
		HideSolutionNode = FALSE
	EndGlobalSection
	GlobalSection(ExtensibilityGlobals) = postSolution
		SolutionGuid = {0D566D70-6C44-4F52-9A98-551C417963D9}
	EndGlobalSection
EndGlobal
