
Microsoft Visual Studio Solution File, Format Version 12.00
# Visual Studio 15
VisualStudioVersion = 15.0.28307.489
MinimumVisualStudioVersion = 10.0.40219.1
Project("{888888A0-9F3D-457C-B088-3A5042F75D52}") = "FIEK-UDP Client", "FIEK-UDP Client\FIEK-UDP Client.pyproj", "{BCAC7D06-7F49-4E8E-A309-85A561531EF3}"
EndProject
Global
	GlobalSection(SolutionConfigurationPlatforms) = preSolution
		Debug|Any CPU = Debug|Any CPU
		Release|Any CPU = Release|Any CPU
	EndGlobalSection
	GlobalSection(ProjectConfigurationPlatforms) = postSolution
		{BCAC7D06-7F49-4E8E-A309-85A561531EF3}.Debug|Any CPU.ActiveCfg = Debug|Any CPU
		{BCAC7D06-7F49-4E8E-A309-85A561531EF3}.Release|Any CPU.ActiveCfg = Release|Any CPU
	EndGlobalSection
	GlobalSection(SolutionProperties) = preSolution
		HideSolutionNode = FALSE
	EndGlobalSection
	GlobalSection(ExtensibilityGlobals) = postSolution
		SolutionGuid = {38F1447B-5F0A-470A-ABE3-8795E60764DE}
	EndGlobalSection
EndGlobal
